
Microsoft Visual Studio Solution File, Format Version 12.00
# Visual Studio 15
VisualStudioVersion = 15.0.27130.2036
MinimumVisualStudioVersion = 10.0.40219.1
Project("{9A19103F-16F7-4668-BE54-9A1E7A4F7556}") = "Calendar", "Calendar\Calendar.csproj", "{B2503B68-CF55-4083-BC6F-C4907BC4DF89}"
EndProject
Project("{FAE04EC0-301F-11D3-BF4B-00C04F79EFBC}") = "CalendarTest", "CalendarTest\CalendarTest.csproj", "{FECBD271-BA37-4F9F-8EFD-F48DFF7FA20A}"
EndProject
Global
	GlobalSection(SolutionConfigurationPlatforms) = preSolution
		Debug|Any CPU = Debug|Any CPU
		Release|Any CPU = Release|Any CPU
	EndGlobalSection
	GlobalSection(ProjectConfigurationPlatforms) = postSolution
		{B2503B68-CF55-4083-BC6F-C4907BC4DF89}.Debug|Any CPU.ActiveCfg = Debug|Any CPU
		{B2503B68-CF55-4083-BC6F-C4907BC4DF89}.Debug|Any CPU.Build.0 = Debug|Any CPU
		{B2503B68-CF55-4083-BC6F-C4907BC4DF89}.Release|Any CPU.ActiveCfg = Release|Any CPU
		{B2503B68-CF55-4083-BC6F-C4907BC4DF89}.Release|Any CPU.Build.0 = Release|Any CPU
		{FECBD271-BA37-4F9F-8EFD-F48DFF7FA20A}.Debug|Any CPU.ActiveCfg = Debug|Any CPU
		{FECBD271-BA37-4F9F-8EFD-F48DFF7FA20A}.Debug|Any CPU.Build.0 = Debug|Any CPU
		{FECBD271-BA37-4F9F-8EFD-F48DFF7FA20A}.Release|Any CPU.ActiveCfg = Release|Any CPU
		{FECBD271-BA37-4F9F-8EFD-F48DFF7FA20A}.Release|Any CPU.Build.0 = Release|Any CPU
	EndGlobalSection
	GlobalSection(SolutionProperties) = preSolution
		HideSolutionNode = FALSE
	EndGlobalSection
	GlobalSection(ExtensibilityGlobals) = postSolution
		SolutionGuid = {BE45AC3F-F5EC-4BFE-9ABE-94C1A7124102}
	EndGlobalSection
EndGlobal
